// !$*UTF8*$!
{
	archiveVersion = 1;
	classes = {
	};
	objectVersion = 51;
	objects = {

/* Begin PBXBuildFile section */
		C23D91B92549CA950027125A /* RouteCollectionViewCell.swift in Sources */ = {isa = PBXBuildFile; fileRef = C23D91B82549CA950027125A /* RouteCollectionViewCell.swift */; };
		C265088F256C248F002B0C7F /* Metro.swift in Sources */ = {isa = PBXBuildFile; fileRef = C265088E256C248F002B0C7F /* Metro.swift */; };
		C26508A4256CEF25002B0C7F /* MetroDetailViewController.swift in Sources */ = {isa = PBXBuildFile; fileRef = C26508A3256CEF25002B0C7F /* MetroDetailViewController.swift */; };
		C26508A9256CF32E002B0C7F /* MetroDetailTableViewCell.swift in Sources */ = {isa = PBXBuildFile; fileRef = C26508A8256CF32E002B0C7F /* MetroDetailTableViewCell.swift */; };
		C269C466254B196300BA41B4 /* RouteDetailViewController.swift in Sources */ = {isa = PBXBuildFile; fileRef = C269C465254B196300BA41B4 /* RouteDetailViewController.swift */; };
		C275EDF3254E965A0028ACCC /* Roadgeek2005SeriesD.ttf in Resources */ = {isa = PBXBuildFile; fileRef = C275EDF2254E965A0028ACCC /* Roadgeek2005SeriesD.ttf */; };
		C2B35DCB253DCA5B00108776 /* AppDelegate.swift in Sources */ = {isa = PBXBuildFile; fileRef = C2B35DCA253DCA5B00108776 /* AppDelegate.swift */; };
		C2B35DCD253DCA5B00108776 /* SceneDelegate.swift in Sources */ = {isa = PBXBuildFile; fileRef = C2B35DCC253DCA5B00108776 /* SceneDelegate.swift */; };
		C2B35DCF253DCA5B00108776 /* ViewController.swift in Sources */ = {isa = PBXBuildFile; fileRef = C2B35DCE253DCA5B00108776 /* ViewController.swift */; };
		C2B35DD2253DCA5B00108776 /* Main.storyboard in Resources */ = {isa = PBXBuildFile; fileRef = C2B35DD0253DCA5B00108776 /* Main.storyboard */; };
		C2B35DD5253DCA5B00108776 /* Bus_Station.xcdatamodeld in Sources */ = {isa = PBXBuildFile; fileRef = C2B35DD3253DCA5B00108776 /* Bus_Station.xcdatamodeld */; };
		C2B35DD7253DCA5E00108776 /* Assets.xcassets in Resources */ = {isa = PBXBuildFile; fileRef = C2B35DD6253DCA5E00108776 /* Assets.xcassets */; };
		C2B35DDA253DCA5E00108776 /* LaunchScreen.storyboard in Resources */ = {isa = PBXBuildFile; fileRef = C2B35DD8253DCA5E00108776 /* LaunchScreen.storyboard */; };
		C2B35DE5253DCA5F00108776 /* Bus_StationTests.swift in Sources */ = {isa = PBXBuildFile; fileRef = C2B35DE4253DCA5F00108776 /* Bus_StationTests.swift */; };
		C2B35DF0253DCA5F00108776 /* Bus_StationUITests.swift in Sources */ = {isa = PBXBuildFile; fileRef = C2B35DEF253DCA5F00108776 /* Bus_StationUITests.swift */; };
		C2B35E09253DD24800108776 /* TopCollectionViewCells.swift in Sources */ = {isa = PBXBuildFile; fileRef = C2B35E08253DD24800108776 /* TopCollectionViewCells.swift */; };
		C2B35E11253DE82000108776 /* BusClasses.swift in Sources */ = {isa = PBXBuildFile; fileRef = C2B35E10253DE82000108776 /* BusClasses.swift */; };
		C2B35E16253DE85100108776 /* MOTCQuery.swift in Sources */ = {isa = PBXBuildFile; fileRef = C2B35E15253DE85100108776 /* MOTCQuery.swift */; };
		C2B35E1E253E0A5C00108776 /* RouteTableViewCell.swift in Sources */ = {isa = PBXBuildFile; fileRef = C2B35E1D253E0A5C00108776 /* RouteTableViewCell.swift */; };
		C2BCFF6F254D625900EC960F /* RouteDetailTableViewCell.swift in Sources */ = {isa = PBXBuildFile; fileRef = C2BCFF6E254D625900EC960F /* RouteDetailTableViewCell.swift */; };
		C2BD1F4A255A4F7100A36418 /* Globals.swift in Sources */ = {isa = PBXBuildFile; fileRef = C2BD1F49255A4F7100A36418 /* Globals.swift */; };
		C2BDFDD725516E6A009C979D /* MOTCQuery.swift in Sources */ = {isa = PBXBuildFile; fileRef = C2B35E15253DE85100108776 /* MOTCQuery.swift */; };
		C2CB97322556AAB400CAF02B /* AboutViewController.swift in Sources */ = {isa = PBXBuildFile; fileRef = C2CB97312556AAB400CAF02B /* AboutViewController.swift */; };
		C2CB97372556B17F00CAF02B /* ErrorHandling.swift in Sources */ = {isa = PBXBuildFile; fileRef = C2CB97362556B17F00CAF02B /* ErrorHandling.swift */; };
		C2DC9CF02548A8C10004860D /* Constants.swift in Sources */ = {isa = PBXBuildFile; fileRef = C2DC9CEF2548A8C10004860D /* Constants.swift */; };
		CE24CDA4644C56CFD42E5B81 /* Pods_Bus_Station.framework in Frameworks */ = {isa = PBXBuildFile; fileRef = C3509FC6EC6AB3C32A043664 /* Pods_Bus_Station.framework */; };
/* End PBXBuildFile section */

/* Begin PBXContainerItemProxy section */
		C2B35DE1253DCA5F00108776 /* PBXContainerItemProxy */ = {
			isa = PBXContainerItemProxy;
			containerPortal = C2B35DBF253DCA5B00108776 /* Project object */;
			proxyType = 1;
			remoteGlobalIDString = C2B35DC6253DCA5B00108776;
			remoteInfo = "Bus Station";
		};
		C2B35DEC253DCA5F00108776 /* PBXContainerItemProxy */ = {
			isa = PBXContainerItemProxy;
			containerPortal = C2B35DBF253DCA5B00108776 /* Project object */;
			proxyType = 1;
			remoteGlobalIDString = C2B35DC6253DCA5B00108776;
			remoteInfo = "Bus Station";
		};
/* End PBXContainerItemProxy section */

/* Begin PBXFileReference section */
		27471A3335CDBB69B3D431B5 /* Pods-Bus Station.debug.xcconfig */ = {isa = PBXFileReference; includeInIndex = 1; lastKnownFileType = text.xcconfig; name = "Pods-Bus Station.debug.xcconfig"; path = "Target Support Files/Pods-Bus Station/Pods-Bus Station.debug.xcconfig"; sourceTree = "<group>"; };
		C23D91B82549CA950027125A /* RouteCollectionViewCell.swift */ = {isa = PBXFileReference; lastKnownFileType = sourcecode.swift; path = RouteCollectionViewCell.swift; sourceTree = "<group>"; };
		C265088E256C248F002B0C7F /* Metro.swift */ = {isa = PBXFileReference; lastKnownFileType = sourcecode.swift; path = Metro.swift; sourceTree = "<group>"; };
		C26508A3256CEF25002B0C7F /* MetroDetailViewController.swift */ = {isa = PBXFileReference; lastKnownFileType = sourcecode.swift; path = MetroDetailViewController.swift; sourceTree = "<group>"; };
		C26508A8256CF32E002B0C7F /* MetroDetailTableViewCell.swift */ = {isa = PBXFileReference; lastKnownFileType = sourcecode.swift; path = MetroDetailTableViewCell.swift; sourceTree = "<group>"; };
		C269C465254B196300BA41B4 /* RouteDetailViewController.swift */ = {isa = PBXFileReference; lastKnownFileType = sourcecode.swift; path = RouteDetailViewController.swift; sourceTree = "<group>"; };
		C275EDF2254E965A0028ACCC /* Roadgeek2005SeriesD.ttf */ = {isa = PBXFileReference; lastKnownFileType = file; path = Roadgeek2005SeriesD.ttf; sourceTree = "<group>"; };
		C2B35DC7253DCA5B00108776 /* Bus Station.app */ = {isa = PBXFileReference; explicitFileType = wrapper.application; includeInIndex = 0; path = "Bus Station.app"; sourceTree = BUILT_PRODUCTS_DIR; };
		C2B35DCA253DCA5B00108776 /* AppDelegate.swift */ = {isa = PBXFileReference; lastKnownFileType = sourcecode.swift; path = AppDelegate.swift; sourceTree = "<group>"; };
		C2B35DCC253DCA5B00108776 /* SceneDelegate.swift */ = {isa = PBXFileReference; lastKnownFileType = sourcecode.swift; path = SceneDelegate.swift; sourceTree = "<group>"; };
		C2B35DCE253DCA5B00108776 /* ViewController.swift */ = {isa = PBXFileReference; lastKnownFileType = sourcecode.swift; path = ViewController.swift; sourceTree = "<group>"; };
		C2B35DD1253DCA5B00108776 /* Base */ = {isa = PBXFileReference; lastKnownFileType = file.storyboard; name = Base; path = Base.lproj/Main.storyboard; sourceTree = "<group>"; };
		C2B35DD4253DCA5B00108776 /* Bus_Station.xcdatamodel */ = {isa = PBXFileReference; lastKnownFileType = wrapper.xcdatamodel; path = Bus_Station.xcdatamodel; sourceTree = "<group>"; };
		C2B35DD6253DCA5E00108776 /* Assets.xcassets */ = {isa = PBXFileReference; lastKnownFileType = folder.assetcatalog; path = Assets.xcassets; sourceTree = "<group>"; };
		C2B35DD9253DCA5E00108776 /* Base */ = {isa = PBXFileReference; lastKnownFileType = file.storyboard; name = Base; path = Base.lproj/LaunchScreen.storyboard; sourceTree = "<group>"; };
		C2B35DDB253DCA5E00108776 /* Info.plist */ = {isa = PBXFileReference; lastKnownFileType = text.plist.xml; path = Info.plist; sourceTree = "<group>"; };
		C2B35DE0253DCA5F00108776 /* Bus StationTests.xctest */ = {isa = PBXFileReference; explicitFileType = wrapper.cfbundle; includeInIndex = 0; path = "Bus StationTests.xctest"; sourceTree = BUILT_PRODUCTS_DIR; };
		C2B35DE4253DCA5F00108776 /* Bus_StationTests.swift */ = {isa = PBXFileReference; lastKnownFileType = sourcecode.swift; path = Bus_StationTests.swift; sourceTree = "<group>"; };
		C2B35DE6253DCA5F00108776 /* Info.plist */ = {isa = PBXFileReference; lastKnownFileType = text.plist.xml; path = Info.plist; sourceTree = "<group>"; };
		C2B35DEB253DCA5F00108776 /* Bus StationUITests.xctest */ = {isa = PBXFileReference; explicitFileType = wrapper.cfbundle; includeInIndex = 0; path = "Bus StationUITests.xctest"; sourceTree = BUILT_PRODUCTS_DIR; };
		C2B35DEF253DCA5F00108776 /* Bus_StationUITests.swift */ = {isa = PBXFileReference; lastKnownFileType = sourcecode.swift; path = Bus_StationUITests.swift; sourceTree = "<group>"; };
		C2B35DF1253DCA5F00108776 /* Info.plist */ = {isa = PBXFileReference; lastKnownFileType = text.plist.xml; path = Info.plist; sourceTree = "<group>"; };
		C2B35E08253DD24800108776 /* TopCollectionViewCells.swift */ = {isa = PBXFileReference; lastKnownFileType = sourcecode.swift; path = TopCollectionViewCells.swift; sourceTree = "<group>"; };
		C2B35E10253DE82000108776 /* BusClasses.swift */ = {isa = PBXFileReference; lastKnownFileType = sourcecode.swift; path = BusClasses.swift; sourceTree = "<group>"; };
		C2B35E15253DE85100108776 /* MOTCQuery.swift */ = {isa = PBXFileReference; lastKnownFileType = sourcecode.swift; path = MOTCQuery.swift; sourceTree = "<group>"; };
		C2B35E1D253E0A5C00108776 /* RouteTableViewCell.swift */ = {isa = PBXFileReference; lastKnownFileType = sourcecode.swift; path = RouteTableViewCell.swift; sourceTree = "<group>"; };
		C2BCFF6E254D625900EC960F /* RouteDetailTableViewCell.swift */ = {isa = PBXFileReference; lastKnownFileType = sourcecode.swift; path = RouteDetailTableViewCell.swift; sourceTree = "<group>"; };
		C2BD1F49255A4F7100A36418 /* Globals.swift */ = {isa = PBXFileReference; lastKnownFileType = sourcecode.swift; path = Globals.swift; sourceTree = "<group>"; };
		C2CB97312556AAB400CAF02B /* AboutViewController.swift */ = {isa = PBXFileReference; lastKnownFileType = sourcecode.swift; path = AboutViewController.swift; sourceTree = "<group>"; };
		C2CB97362556B17F00CAF02B /* ErrorHandling.swift */ = {isa = PBXFileReference; lastKnownFileType = sourcecode.swift; path = ErrorHandling.swift; sourceTree = "<group>"; };
		C2DC9CEF2548A8C10004860D /* Constants.swift */ = {isa = PBXFileReference; lastKnownFileType = sourcecode.swift; path = Constants.swift; sourceTree = "<group>"; };
		C3509FC6EC6AB3C32A043664 /* Pods_Bus_Station.framework */ = {isa = PBXFileReference; explicitFileType = wrapper.framework; includeInIndex = 0; path = Pods_Bus_Station.framework; sourceTree = BUILT_PRODUCTS_DIR; };
		C5E9582FA05C2251D7114D96 /* Pods-Bus Station.release.xcconfig */ = {isa = PBXFileReference; includeInIndex = 1; lastKnownFileType = text.xcconfig; name = "Pods-Bus Station.release.xcconfig"; path = "Target Support Files/Pods-Bus Station/Pods-Bus Station.release.xcconfig"; sourceTree = "<group>"; };
/* End PBXFileReference section */

/* Begin PBXFrameworksBuildPhase section */
		C2B35DC4253DCA5B00108776 /* Frameworks */ = {
			isa = PBXFrameworksBuildPhase;
			buildActionMask = 2147483647;
			files = (
				CE24CDA4644C56CFD42E5B81 /* Pods_Bus_Station.framework in Frameworks */,
			);
			runOnlyForDeploymentPostprocessing = 0;
		};
		C2B35DDD253DCA5F00108776 /* Frameworks */ = {
			isa = PBXFrameworksBuildPhase;
			buildActionMask = 2147483647;
			files = (
			);
			runOnlyForDeploymentPostprocessing = 0;
		};
		C2B35DE8253DCA5F00108776 /* Frameworks */ = {
			isa = PBXFrameworksBuildPhase;
			buildActionMask = 2147483647;
			files = (
			);
			runOnlyForDeploymentPostprocessing = 0;
		};
/* End PBXFrameworksBuildPhase section */

/* Begin PBXGroup section */
		A5DECA97C44D17CF943CC26F /* Frameworks */ = {
			isa = PBXGroup;
			children = (
				C3509FC6EC6AB3C32A043664 /* Pods_Bus_Station.framework */,
			);
			name = Frameworks;
			sourceTree = "<group>";
		};
		C2B35DBE253DCA5B00108776 = {
			isa = PBXGroup;
			children = (
				C2B35DC9253DCA5B00108776 /* Bus Station */,
				C2B35DE3253DCA5F00108776 /* Bus StationTests */,
				C2B35DEE253DCA5F00108776 /* Bus StationUITests */,
				C2B35DC8253DCA5B00108776 /* Products */,
				D57846ED5227D69F7834B28A /* Pods */,
				A5DECA97C44D17CF943CC26F /* Frameworks */,
			);
			sourceTree = "<group>";
		};
		C2B35DC8253DCA5B00108776 /* Products */ = {
			isa = PBXGroup;
			children = (
				C2B35DC7253DCA5B00108776 /* Bus Station.app */,
				C2B35DE0253DCA5F00108776 /* Bus StationTests.xctest */,
				C2B35DEB253DCA5F00108776 /* Bus StationUITests.xctest */,
			);
			name = Products;
			sourceTree = "<group>";
		};
		C2B35DC9253DCA5B00108776 /* Bus Station */ = {
			isa = PBXGroup;
			children = (
				C2B35DCA253DCA5B00108776 /* AppDelegate.swift */,
				C2B35DCC253DCA5B00108776 /* SceneDelegate.swift */,
				C2B35DCE253DCA5B00108776 /* ViewController.swift */,
				C23D91B82549CA950027125A /* RouteCollectionViewCell.swift */,
				C2B35E1D253E0A5C00108776 /* RouteTableViewCell.swift */,
				C269C465254B196300BA41B4 /* RouteDetailViewController.swift */,
				C26508A3256CEF25002B0C7F /* MetroDetailViewController.swift */,
				C2BCFF6E254D625900EC960F /* RouteDetailTableViewCell.swift */,
				C26508A8256CF32E002B0C7F /* MetroDetailTableViewCell.swift */,
				C2B35E15253DE85100108776 /* MOTCQuery.swift */,
				C2B35E10253DE82000108776 /* BusClasses.swift */,
				C265088E256C248F002B0C7F /* Metro.swift */,
				C2CB97312556AAB400CAF02B /* AboutViewController.swift */,
				C2B35E08253DD24800108776 /* TopCollectionViewCells.swift */,
				C2DC9CEF2548A8C10004860D /* Constants.swift */,
				C2BD1F49255A4F7100A36418 /* Globals.swift */,
				C2CB97362556B17F00CAF02B /* ErrorHandling.swift */,
				C2B35DD0253DCA5B00108776 /* Main.storyboard */,
				C2B35DD6253DCA5E00108776 /* Assets.xcassets */,
				C275EDF2254E965A0028ACCC /* Roadgeek2005SeriesD.ttf */,
				C2B35DD8253DCA5E00108776 /* LaunchScreen.storyboard */,
				C2B35DDB253DCA5E00108776 /* Info.plist */,
				C2B35DD3253DCA5B00108776 /* Bus_Station.xcdatamodeld */,
			);
			path = "Bus Station";
			sourceTree = "<group>";
		};
		C2B35DE3253DCA5F00108776 /* Bus StationTests */ = {
			isa = PBXGroup;
			children = (
				C2B35DE4253DCA5F00108776 /* Bus_StationTests.swift */,
				C2B35DE6253DCA5F00108776 /* Info.plist */,
			);
			path = "Bus StationTests";
			sourceTree = "<group>";
		};
		C2B35DEE253DCA5F00108776 /* Bus StationUITests */ = {
			isa = PBXGroup;
			children = (
				C2B35DEF253DCA5F00108776 /* Bus_StationUITests.swift */,
				C2B35DF1253DCA5F00108776 /* Info.plist */,
			);
			path = "Bus StationUITests";
			sourceTree = "<group>";
		};
		D57846ED5227D69F7834B28A /* Pods */ = {
			isa = PBXGroup;
			children = (
				27471A3335CDBB69B3D431B5 /* Pods-Bus Station.debug.xcconfig */,
				C5E9582FA05C2251D7114D96 /* Pods-Bus Station.release.xcconfig */,
			);
			path = Pods;
			sourceTree = "<group>";
		};
/* End PBXGroup section */

/* Begin PBXNativeTarget section */
		C2B35DC6253DCA5B00108776 /* Bus Station */ = {
			isa = PBXNativeTarget;
			buildConfigurationList = C2B35DF4253DCA5F00108776 /* Build configuration list for PBXNativeTarget "Bus Station" */;
			buildPhases = (
				B156EC4BD91BB28F90FBC497 /* [CP] Check Pods Manifest.lock */,
				7893D506AAD35DC53C52ED54 /* [CP] Prepare Artifacts */,
				C2B35DC3253DCA5B00108776 /* Sources */,
				C2B35DC4253DCA5B00108776 /* Frameworks */,
				C2B35DC5253DCA5B00108776 /* Resources */,
				8A58F355645C57F17A8B7130 /* [CP] Embed Pods Frameworks */,
			);
			buildRules = (
			);
			dependencies = (
			);
			name = "Bus Station";
			productName = "Bus Station";
			productReference = C2B35DC7253DCA5B00108776 /* Bus Station.app */;
			productType = "com.apple.product-type.application";
		};
		C2B35DDF253DCA5F00108776 /* Bus StationTests */ = {
			isa = PBXNativeTarget;
			buildConfigurationList = C2B35DF7253DCA5F00108776 /* Build configuration list for PBXNativeTarget "Bus StationTests" */;
			buildPhases = (
				C2B35DDC253DCA5F00108776 /* Sources */,
				C2B35DDD253DCA5F00108776 /* Frameworks */,
				C2B35DDE253DCA5F00108776 /* Resources */,
			);
			buildRules = (
			);
			dependencies = (
				C2B35DE2253DCA5F00108776 /* PBXTargetDependency */,
			);
			name = "Bus StationTests";
			productName = "Bus StationTests";
			productReference = C2B35DE0253DCA5F00108776 /* Bus StationTests.xctest */;
			productType = "com.apple.product-type.bundle.unit-test";
		};
		C2B35DEA253DCA5F00108776 /* Bus StationUITests */ = {
			isa = PBXNativeTarget;
			buildConfigurationList = C2B35DFA253DCA5F00108776 /* Build configuration list for PBXNativeTarget "Bus StationUITests" */;
			buildPhases = (
				C2B35DE7253DCA5F00108776 /* Sources */,
				C2B35DE8253DCA5F00108776 /* Frameworks */,
				C2B35DE9253DCA5F00108776 /* Resources */,
			);
			buildRules = (
			);
			dependencies = (
				C2B35DED253DCA5F00108776 /* PBXTargetDependency */,
			);
			name = "Bus StationUITests";
			productName = "Bus StationUITests";
			productReference = C2B35DEB253DCA5F00108776 /* Bus StationUITests.xctest */;
			productType = "com.apple.product-type.bundle.ui-testing";
		};
/* End PBXNativeTarget section */

/* Begin PBXProject section */
		C2B35DBF253DCA5B00108776 /* Project object */ = {
			isa = PBXProject;
			attributes = {
				LastSwiftUpdateCheck = 1200;
				LastUpgradeCheck = 1200;
				TargetAttributes = {
					C2B35DC6253DCA5B00108776 = {
						CreatedOnToolsVersion = 12.0.1;
					};
					C2B35DDF253DCA5F00108776 = {
						CreatedOnToolsVersion = 12.0.1;
						TestTargetID = C2B35DC6253DCA5B00108776;
					};
					C2B35DEA253DCA5F00108776 = {
						CreatedOnToolsVersion = 12.0.1;
						TestTargetID = C2B35DC6253DCA5B00108776;
					};
				};
			};
			buildConfigurationList = C2B35DC2253DCA5B00108776 /* Build configuration list for PBXProject "Bus Station" */;
			compatibilityVersion = "Xcode 9.3";
			developmentRegion = en;
			hasScannedForEncodings = 0;
			knownRegions = (
				en,
				Base,
			);
			mainGroup = C2B35DBE253DCA5B00108776;
			productRefGroup = C2B35DC8253DCA5B00108776 /* Products */;
			projectDirPath = "";
			projectRoot = "";
			targets = (
				C2B35DC6253DCA5B00108776 /* Bus Station */,
				C2B35DDF253DCA5F00108776 /* Bus StationTests */,
				C2B35DEA253DCA5F00108776 /* Bus StationUITests */,
			);
		};
/* End PBXProject section */

/* Begin PBXResourcesBuildPhase section */
		C2B35DC5253DCA5B00108776 /* Resources */ = {
			isa = PBXResourcesBuildPhase;
			buildActionMask = 2147483647;
			files = (
				C2B35DDA253DCA5E00108776 /* LaunchScreen.storyboard in Resources */,
				C2B35DD7253DCA5E00108776 /* Assets.xcassets in Resources */,
				C275EDF3254E965A0028ACCC /* Roadgeek2005SeriesD.ttf in Resources */,
				C2B35DD2253DCA5B00108776 /* Main.storyboard in Resources */,
			);
			runOnlyForDeploymentPostprocessing = 0;
		};
		C2B35DDE253DCA5F00108776 /* Resources */ = {
			isa = PBXResourcesBuildPhase;
			buildActionMask = 2147483647;
			files = (
			);
			runOnlyForDeploymentPostprocessing = 0;
		};
		C2B35DE9253DCA5F00108776 /* Resources */ = {
			isa = PBXResourcesBuildPhase;
			buildActionMask = 2147483647;
			files = (
			);
			runOnlyForDeploymentPostprocessing = 0;
		};
/* End PBXResourcesBuildPhase section */

/* Begin PBXShellScriptBuildPhase section */
		7893D506AAD35DC53C52ED54 /* [CP] Prepare Artifacts */ = {
			isa = PBXShellScriptBuildPhase;
			buildActionMask = 2147483647;
			files = (
			);
			inputFileListPaths = (
				"${PODS_ROOT}/Target Support Files/Pods-Bus Station/Pods-Bus Station-artifacts-${CONFIGURATION}-input-files.xcfilelist",
			);
			name = "[CP] Prepare Artifacts";
			outputFileListPaths = (
				"${PODS_ROOT}/Target Support Files/Pods-Bus Station/Pods-Bus Station-artifacts-${CONFIGURATION}-output-files.xcfilelist",
			);
			runOnlyForDeploymentPostprocessing = 0;
			shellPath = /bin/sh;
			shellScript = "\"${PODS_ROOT}/Target Support Files/Pods-Bus Station/Pods-Bus Station-artifacts.sh\"\n";
			showEnvVarsInLog = 0;
		};
		8A58F355645C57F17A8B7130 /* [CP] Embed Pods Frameworks */ = {
			isa = PBXShellScriptBuildPhase;
			buildActionMask = 2147483647;
			files = (
			);
			inputFileListPaths = (
				"${PODS_ROOT}/Target Support Files/Pods-Bus Station/Pods-Bus Station-frameworks-${CONFIGURATION}-input-files.xcfilelist",
			);
			name = "[CP] Embed Pods Frameworks";
			outputFileListPaths = (
				"${PODS_ROOT}/Target Support Files/Pods-Bus Station/Pods-Bus Station-frameworks-${CONFIGURATION}-output-files.xcfilelist",
			);
			runOnlyForDeploymentPostprocessing = 0;
			shellPath = /bin/sh;
			shellScript = "\"${PODS_ROOT}/Target Support Files/Pods-Bus Station/Pods-Bus Station-frameworks.sh\"\n";
			showEnvVarsInLog = 0;
		};
		B156EC4BD91BB28F90FBC497 /* [CP] Check Pods Manifest.lock */ = {
			isa = PBXShellScriptBuildPhase;
			buildActionMask = 2147483647;
			files = (
			);
			inputFileListPaths = (
			);
			inputPaths = (
				"${PODS_PODFILE_DIR_PATH}/Podfile.lock",
				"${PODS_ROOT}/Manifest.lock",
			);
			name = "[CP] Check Pods Manifest.lock";
			outputFileListPaths = (
			);
			outputPaths = (
				"$(DERIVED_FILE_DIR)/Pods-Bus Station-checkManifestLockResult.txt",
			);
			runOnlyForDeploymentPostprocessing = 0;
			shellPath = /bin/sh;
			shellScript = "diff \"${PODS_PODFILE_DIR_PATH}/Podfile.lock\" \"${PODS_ROOT}/Manifest.lock\" > /dev/null\nif [ $? != 0 ] ; then\n    # print error to STDERR\n    echo \"error: The sandbox is not in sync with the Podfile.lock. Run 'pod install' or update your CocoaPods installation.\" >&2\n    exit 1\nfi\n# This output is used by Xcode 'outputs' to avoid re-running this script phase.\necho \"SUCCESS\" > \"${SCRIPT_OUTPUT_FILE_0}\"\n";
			showEnvVarsInLog = 0;
		};
/* End PBXShellScriptBuildPhase section */

/* Begin PBXSourcesBuildPhase section */
		C2B35DC3253DCA5B00108776 /* Sources */ = {
			isa = PBXSourcesBuildPhase;
			buildActionMask = 2147483647;
			files = (
				C2B35DCF253DCA5B00108776 /* ViewController.swift in Sources */,
				C2B35E16253DE85100108776 /* MOTCQuery.swift in Sources */,
				C2B35DCB253DCA5B00108776 /* AppDelegate.swift in Sources */,
				C269C466254B196300BA41B4 /* RouteDetailViewController.swift in Sources */,
				C26508A4256CEF25002B0C7F /* MetroDetailViewController.swift in Sources */,
				C2B35DCD253DCA5B00108776 /* SceneDelegate.swift in Sources */,
				C23D91B92549CA950027125A /* RouteCollectionViewCell.swift in Sources */,
				C26508A9256CF32E002B0C7F /* MetroDetailTableViewCell.swift in Sources */,
				C2BCFF6F254D625900EC960F /* RouteDetailTableViewCell.swift in Sources */,
				C2B35DD5253DCA5B00108776 /* Bus_Station.xcdatamodeld in Sources */,
				C2BD1F4A255A4F7100A36418 /* Globals.swift in Sources */,
				C2B35E1E253E0A5C00108776 /* RouteTableViewCell.swift in Sources */,
				C2CB97372556B17F00CAF02B /* ErrorHandling.swift in Sources */,
				C2B35E09253DD24800108776 /* TopCollectionViewCells.swift in Sources */,
				C2B35E11253DE82000108776 /* BusClasses.swift in Sources */,
				C265088F256C248F002B0C7F /* Metro.swift in Sources */,
				C2CB97322556AAB400CAF02B /* AboutViewController.swift in Sources */,
				C2DC9CF02548A8C10004860D /* Constants.swift in Sources */,
			);
			runOnlyForDeploymentPostprocessing = 0;
		};
		C2B35DDC253DCA5F00108776 /* Sources */ = {
			isa = PBXSourcesBuildPhase;
			buildActionMask = 2147483647;
			files = (
				C2B35DE5253DCA5F00108776 /* Bus_StationTests.swift in Sources */,
				C2BDFDD725516E6A009C979D /* MOTCQuery.swift in Sources */,
			);
			runOnlyForDeploymentPostprocessing = 0;
		};
		C2B35DE7253DCA5F00108776 /* Sources */ = {
			isa = PBXSourcesBuildPhase;
			buildActionMask = 2147483647;
			files = (
				C2B35DF0253DCA5F00108776 /* Bus_StationUITests.swift in Sources */,
			);
			runOnlyForDeploymentPostprocessing = 0;
		};
/* End PBXSourcesBuildPhase section */

/* Begin PBXTargetDependency section */
		C2B35DE2253DCA5F00108776 /* PBXTargetDependency */ = {
			isa = PBXTargetDependency;
			target = C2B35DC6253DCA5B00108776 /* Bus Station */;
			targetProxy = C2B35DE1253DCA5F00108776 /* PBXContainerItemProxy */;
		};
		C2B35DED253DCA5F00108776 /* PBXTargetDependency */ = {
			isa = PBXTargetDependency;
			target = C2B35DC6253DCA5B00108776 /* Bus Station */;
			targetProxy = C2B35DEC253DCA5F00108776 /* PBXContainerItemProxy */;
		};
/* End PBXTargetDependency section */

/* Begin PBXVariantGroup section */
		C2B35DD0253DCA5B00108776 /* Main.storyboard */ = {
			isa = PBXVariantGroup;
			children = (
				C2B35DD1253DCA5B00108776 /* Base */,
			);
			name = Main.storyboard;
			sourceTree = "<group>";
		};
		C2B35DD8253DCA5E00108776 /* LaunchScreen.storyboard */ = {
			isa = PBXVariantGroup;
			children = (
				C2B35DD9253DCA5E00108776 /* Base */,
			);
			name = LaunchScreen.storyboard;
			sourceTree = "<group>";
		};
/* End PBXVariantGroup section */

/* Begin XCBuildConfiguration section */
		C2B35DF2253DCA5F00108776 /* Debug */ = {
			isa = XCBuildConfiguration;
			buildSettings = {
				ALWAYS_SEARCH_USER_PATHS = NO;
				CLANG_ANALYZER_NONNULL = YES;
				CLANG_ANALYZER_NUMBER_OBJECT_CONVERSION = YES_AGGRESSIVE;
				CLANG_CXX_LANGUAGE_STANDARD = "gnu++14";
				CLANG_CXX_LIBRARY = "libc++";
				CLANG_ENABLE_MODULES = YES;
				CLANG_ENABLE_OBJC_ARC = YES;
				CLANG_ENABLE_OBJC_WEAK = YES;
				CLANG_WARN_BLOCK_CAPTURE_AUTORELEASING = YES;
				CLANG_WARN_BOOL_CONVERSION = YES;
				CLANG_WARN_COMMA = YES;
				CLANG_WARN_CONSTANT_CONVERSION = YES;
				CLANG_WARN_DEPRECATED_OBJC_IMPLEMENTATIONS = YES;
				CLANG_WARN_DIRECT_OBJC_ISA_USAGE = YES_ERROR;
				CLANG_WARN_DOCUMENTATION_COMMENTS = YES;
				CLANG_WARN_EMPTY_BODY = YES;
				CLANG_WARN_ENUM_CONVERSION = YES;
				CLANG_WARN_INFINITE_RECURSION = YES;
				CLANG_WARN_INT_CONVERSION = YES;
				CLANG_WARN_NON_LITERAL_NULL_CONVERSION = YES;
				CLANG_WARN_OBJC_IMPLICIT_RETAIN_SELF = YES;
				CLANG_WARN_OBJC_LITERAL_CONVERSION = YES;
				CLANG_WARN_OBJC_ROOT_CLASS = YES_ERROR;
				CLANG_WARN_QUOTED_INCLUDE_IN_FRAMEWORK_HEADER = YES;
				CLANG_WARN_RANGE_LOOP_ANALYSIS = YES;
				CLANG_WARN_STRICT_PROTOTYPES = YES;
				CLANG_WARN_SUSPICIOUS_MOVE = YES;
				CLANG_WARN_UNGUARDED_AVAILABILITY = YES_AGGRESSIVE;
				CLANG_WARN_UNREACHABLE_CODE = YES;
				CLANG_WARN__DUPLICATE_METHOD_MATCH = YES;
				COPY_PHASE_STRIP = NO;
				DEBUG_INFORMATION_FORMAT = dwarf;
				ENABLE_STRICT_OBJC_MSGSEND = YES;
				ENABLE_TESTABILITY = YES;
				GCC_C_LANGUAGE_STANDARD = gnu11;
				GCC_DYNAMIC_NO_PIC = NO;
				GCC_NO_COMMON_BLOCKS = YES;
				GCC_OPTIMIZATION_LEVEL = 0;
				GCC_PREPROCESSOR_DEFINITIONS = (
					"DEBUG=1",
					"$(inherited)",
				);
				GCC_WARN_64_TO_32_BIT_CONVERSION = YES;
				GCC_WARN_ABOUT_RETURN_TYPE = YES_ERROR;
				GCC_WARN_UNDECLARED_SELECTOR = YES;
				GCC_WARN_UNINITIALIZED_AUTOS = YES_AGGRESSIVE;
				GCC_WARN_UNUSED_FUNCTION = YES;
				GCC_WARN_UNUSED_VARIABLE = YES;
				IPHONEOS_DEPLOYMENT_TARGET = 14.0;
				MTL_ENABLE_DEBUG_INFO = INCLUDE_SOURCE;
				MTL_FAST_MATH = YES;
				ONLY_ACTIVE_ARCH = YES;
				SDKROOT = iphoneos;
				SWIFT_ACTIVE_COMPILATION_CONDITIONS = DEBUG;
				SWIFT_OPTIMIZATION_LEVEL = "-Onone";
			};
			name = Debug;
		};
		C2B35DF3253DCA5F00108776 /* Release */ = {
			isa = XCBuildConfiguration;
			buildSettings = {
				ALWAYS_SEARCH_USER_PATHS = NO;
				CLANG_ANALYZER_NONNULL = YES;
				CLANG_ANALYZER_NUMBER_OBJECT_CONVERSION = YES_AGGRESSIVE;
				CLANG_CXX_LANGUAGE_STANDARD = "gnu++14";
				CLANG_CXX_LIBRARY = "libc++";
				CLANG_ENABLE_MODULES = YES;
				CLANG_ENABLE_OBJC_ARC = YES;
				CLANG_ENABLE_OBJC_WEAK = YES;
				CLANG_WARN_BLOCK_CAPTURE_AUTORELEASING = YES;
				CLANG_WARN_BOOL_CONVERSION = YES;
				CLANG_WARN_COMMA = YES;
				CLANG_WARN_CONSTANT_CONVERSION = YES;
				CLANG_WARN_DEPRECATED_OBJC_IMPLEMENTATIONS = YES;
				CLANG_WARN_DIRECT_OBJC_ISA_USAGE = YES_ERROR;
				CLANG_WARN_DOCUMENTATION_COMMENTS = YES;
				CLANG_WARN_EMPTY_BODY = YES;
				CLANG_WARN_ENUM_CONVERSION = YES;
				CLANG_WARN_INFINITE_RECURSION = YES;
				CLANG_WARN_INT_CONVERSION = YES;
				CLANG_WARN_NON_LITERAL_NULL_CONVERSION = YES;
				CLANG_WARN_OBJC_IMPLICIT_RETAIN_SELF = YES;
				CLANG_WARN_OBJC_LITERAL_CONVERSION = YES;
				CLANG_WARN_OBJC_ROOT_CLASS = YES_ERROR;
				CLANG_WARN_QUOTED_INCLUDE_IN_FRAMEWORK_HEADER = YES;
				CLANG_WARN_RANGE_LOOP_ANALYSIS = YES;
				CLANG_WARN_STRICT_PROTOTYPES = YES;
				CLANG_WARN_SUSPICIOUS_MOVE = YES;
				CLANG_WARN_UNGUARDED_AVAILABILITY = YES_AGGRESSIVE;
				CLANG_WARN_UNREACHABLE_CODE = YES;
				CLANG_WARN__DUPLICATE_METHOD_MATCH = YES;
				COPY_PHASE_STRIP = NO;
				DEBUG_INFORMATION_FORMAT = "dwarf-with-dsym";
				ENABLE_NS_ASSERTIONS = NO;
				ENABLE_STRICT_OBJC_MSGSEND = YES;
				GCC_C_LANGUAGE_STANDARD = gnu11;
				GCC_NO_COMMON_BLOCKS = YES;
				GCC_WARN_64_TO_32_BIT_CONVERSION = YES;
				GCC_WARN_ABOUT_RETURN_TYPE = YES_ERROR;
				GCC_WARN_UNDECLARED_SELECTOR = YES;
				GCC_WARN_UNINITIALIZED_AUTOS = YES_AGGRESSIVE;
				GCC_WARN_UNUSED_FUNCTION = YES;
				GCC_WARN_UNUSED_VARIABLE = YES;
				IPHONEOS_DEPLOYMENT_TARGET = 14.0;
				MTL_ENABLE_DEBUG_INFO = NO;
				MTL_FAST_MATH = YES;
				SDKROOT = iphoneos;
				SWIFT_COMPILATION_MODE = wholemodule;
				SWIFT_OPTIMIZATION_LEVEL = "-O";
				VALIDATE_PRODUCT = YES;
			};
			name = Release;
		};
		C2B35DF5253DCA5F00108776 /* Debug */ = {
			isa = XCBuildConfiguration;
			baseConfigurationReference = 27471A3335CDBB69B3D431B5 /* Pods-Bus Station.debug.xcconfig */;
			buildSettings = {
				ASSETCATALOG_COMPILER_APPICON_NAME = AppIcon;
				ASSETCATALOG_COMPILER_GLOBAL_ACCENT_COLOR_NAME = AccentColor;
				CODE_SIGN_STYLE = Automatic;
				DEVELOPMENT_TEAM = 3WYLUPPDAG;
				INFOPLIST_FILE = "Bus Station/Info.plist";
				LD_RUNPATH_SEARCH_PATHS = (
					"$(inherited)",
					"@executable_path/Frameworks",
				);
				PRODUCT_BUNDLE_IDENTIFIER = "Garry.Bus-Station";
				PRODUCT_NAME = "$(TARGET_NAME)";
				SWIFT_VERSION = 5.0;
				TARGETED_DEVICE_FAMILY = 1;
			};
			name = Debug;
		};
		C2B35DF6253DCA5F00108776 /* Release */ = {
			isa = XCBuildConfiguration;
			baseConfigurationReference = C5E9582FA05C2251D7114D96 /* Pods-Bus Station.release.xcconfig */;
			buildSettings = {
				ASSETCATALOG_COMPILER_APPICON_NAME = AppIcon;
				ASSETCATALOG_COMPILER_GLOBAL_ACCENT_COLOR_NAME = AccentColor;
				CODE_SIGN_STYLE = Automatic;
				DEVELOPMENT_TEAM = 3WYLUPPDAG;
				INFOPLIST_FILE = "Bus Station/Info.plist";
				LD_RUNPATH_SEARCH_PATHS = (
					"$(inherited)",
					"@executable_path/Frameworks",
				);
				PRODUCT_BUNDLE_IDENTIFIER = "Garry.Bus-Station";
				PRODUCT_NAME = "$(TARGET_NAME)";
				SWIFT_VERSION = 5.0;
				TARGETED_DEVICE_FAMILY = 1;
			};
			name = Release;
		};
		C2B35DF8253DCA5F00108776 /* Debug */ = {
			isa = XCBuildConfiguration;
			buildSettings = {
				ALWAYS_EMBED_SWIFT_STANDARD_LIBRARIES = YES;
				BUNDLE_LOADER = "$(TEST_HOST)";
				CODE_SIGN_STYLE = Automatic;
				DEVELOPMENT_TEAM = KVJJ645N39;
				INFOPLIST_FILE = "Bus StationTests/Info.plist";
				IPHONEOS_DEPLOYMENT_TARGET = 14.0;
				LD_RUNPATH_SEARCH_PATHS = (
					"$(inherited)",
					"@executable_path/Frameworks",
					"@loader_path/Frameworks",
				);
				PRODUCT_BUNDLE_IDENTIFIER = "Garry.Bus-StationTests";
				PRODUCT_NAME = "$(TARGET_NAME)";
				SWIFT_VERSION = 5.0;
				TARGETED_DEVICE_FAMILY = "1,2";
				TEST_HOST = "$(BUILT_PRODUCTS_DIR)/Bus Station.app/Bus Station";
			};
			name = Debug;
		};
		C2B35DF9253DCA5F00108776 /* Release */ = {
			isa = XCBuildConfiguration;
			buildSettings = {
				ALWAYS_EMBED_SWIFT_STANDARD_LIBRARIES = YES;
				BUNDLE_LOADER = "$(TEST_HOST)";
				CODE_SIGN_STYLE = Automatic;
				DEVELOPMENT_TEAM = KVJJ645N39;
				INFOPLIST_FILE = "Bus StationTests/Info.plist";
				IPHONEOS_DEPLOYMENT_TARGET = 14.0;
				LD_RUNPATH_SEARCH_PATHS = (
					"$(inherited)",
					"@executable_path/Frameworks",
					"@loader_path/Frameworks",
				);
				PRODUCT_BUNDLE_IDENTIFIER = "Garry.Bus-StationTests";
				PRODUCT_NAME = "$(TARGET_NAME)";
				SWIFT_VERSION = 5.0;
				TARGETED_DEVICE_FAMILY = "1,2";
				TEST_HOST = "$(BUILT_PRODUCTS_DIR)/Bus Station.app/Bus Station";
			};
			name = Release;
		};
		C2B35DFB253DCA5F00108776 /* Debug */ = {
			isa = XCBuildConfiguration;
			buildSettings = {
				ALWAYS_EMBED_SWIFT_STANDARD_LIBRARIES = YES;
				CODE_SIGN_STYLE = Automatic;
				DEVELOPMENT_TEAM = KVJJ645N39;
				INFOPLIST_FILE = "Bus StationUITests/Info.plist";
				LD_RUNPATH_SEARCH_PATHS = (
					"$(inherited)",
					"@executable_path/Frameworks",
					"@loader_path/Frameworks",
				);
				PRODUCT_BUNDLE_IDENTIFIER = "Garry.Bus-StationUITests";
				PRODUCT_NAME = "$(TARGET_NAME)";
				SWIFT_VERSION = 5.0;
				TARGETED_DEVICE_FAMILY = "1,2";
				TEST_TARGET_NAME = "Bus Station";
			};
			name = Debug;
		};
		C2B35DFC253DCA5F00108776 /* Release */ = {
			isa = XCBuildConfiguration;
			buildSettings = {
				ALWAYS_EMBED_SWIFT_STANDARD_LIBRARIES = YES;
				CODE_SIGN_STYLE = Automatic;
				DEVELOPMENT_TEAM = KVJJ645N39;
				INFOPLIST_FILE = "Bus StationUITests/Info.plist";
				LD_RUNPATH_SEARCH_PATHS = (
					"$(inherited)",
					"@executable_path/Frameworks",
					"@loader_path/Frameworks",
				);
				PRODUCT_BUNDLE_IDENTIFIER = "Garry.Bus-StationUITests";
				PRODUCT_NAME = "$(TARGET_NAME)";
				SWIFT_VERSION = 5.0;
				TARGETED_DEVICE_FAMILY = "1,2";
				TEST_TARGET_NAME = "Bus Station";
			};
			name = Release;
		};
/* End XCBuildConfiguration section */

/* Begin XCConfigurationList section */
		C2B35DC2253DCA5B00108776 /* Build configuration list for PBXProject "Bus Station" */ = {
			isa = XCConfigurationList;
			buildConfigurations = (
				C2B35DF2253DCA5F00108776 /* Debug */,
				C2B35DF3253DCA5F00108776 /* Release */,
			);
			defaultConfigurationIsVisible = 0;
			defaultConfigurationName = Release;
		};
		C2B35DF4253DCA5F00108776 /* Build configuration list for PBXNativeTarget "Bus Station" */ = {
			isa = XCConfigurationList;
			buildConfigurations = (
				C2B35DF5253DCA5F00108776 /* Debug */,
				C2B35DF6253DCA5F00108776 /* Release */,
			);
			defaultConfigurationIsVisible = 0;
			defaultConfigurationName = Release;
		};
		C2B35DF7253DCA5F00108776 /* Build configuration list for PBXNativeTarget "Bus StationTests" */ = {
			isa = XCConfigurationList;
			buildConfigurations = (
				C2B35DF8253DCA5F00108776 /* Debug */,
				C2B35DF9253DCA5F00108776 /* Release */,
			);
			defaultConfigurationIsVisible = 0;
			defaultConfigurationName = Release;
		};
		C2B35DFA253DCA5F00108776 /* Build configuration list for PBXNativeTarget "Bus StationUITests" */ = {
			isa = XCConfigurationList;
			buildConfigurations = (
				C2B35DFB253DCA5F00108776 /* Debug */,
				C2B35DFC253DCA5F00108776 /* Release */,
			);
			defaultConfigurationIsVisible = 0;
			defaultConfigurationName = Release;
		};
/* End XCConfigurationList section */

/* Begin XCVersionGroup section */
		C2B35DD3253DCA5B00108776 /* Bus_Station.xcdatamodeld */ = {
			isa = XCVersionGroup;
			children = (
				C2B35DD4253DCA5B00108776 /* Bus_Station.xcdatamodel */,
			);
			currentVersion = C2B35DD4253DCA5B00108776 /* Bus_Station.xcdatamodel */;
			path = Bus_Station.xcdatamodeld;
			sourceTree = "<group>";
			versionGroupType = wrapper.xcdatamodel;
		};
/* End XCVersionGroup section */
	};
	rootObject = C2B35DBF253DCA5B00108776 /* Project object */;
}
